// !$*UTF8*$!
{
	archiveVersion = 1;
	classes = {
	};
	objectVersion = 51;
	objects = {

/* Begin PBXBuildFile section */
		4F628C602355BA5B00490CF2 /* ConfigTablePresenter.swift in Sources */ = {isa = PBXBuildFile; fileRef = 4F628C5A2355BA5B00490CF2 /* ConfigTablePresenter.swift */; };
		4F628C622355BA5B00490CF2 /* ConfigTableRouter.swift in Sources */ = {isa = PBXBuildFile; fileRef = 4F628C5C2355BA5B00490CF2 /* ConfigTableRouter.swift */; };
		4F628C632355BA5B00490CF2 /* ConfigTableModels.swift in Sources */ = {isa = PBXBuildFile; fileRef = 4F628C5D2355BA5B00490CF2 /* ConfigTableModels.swift */; };
		4F628C642355BA5B00490CF2 /* ConfigTableViewController.swift in Sources */ = {isa = PBXBuildFile; fileRef = 4F628C5E2355BA5B00490CF2 /* ConfigTableViewController.swift */; };
		4F628C652355BA5B00490CF2 /* ConfigTableInteractor.swift in Sources */ = {isa = PBXBuildFile; fileRef = 4F628C5F2355BA5B00490CF2 /* ConfigTableInteractor.swift */; };
		8A1A587CEC931BAD03EE3E39 /* Pods_mobilka.framework in Frameworks */ = {isa = PBXBuildFile; fileRef = 1E6FC934A7E10902F06D6B95 /* Pods_mobilka.framework */; };
		A954CA9D23915310008E67E6 /* MenuViewController.swift in Sources */ = {isa = PBXBuildFile; fileRef = A954CA9C23915310008E67E6 /* MenuViewController.swift */; };
		A954CA9F2391556E008E67E6 /* SlideTransition.swift in Sources */ = {isa = PBXBuildFile; fileRef = A954CA9E2391556E008E67E6 /* SlideTransition.swift */; };
		A97785F6234F4E6B000D672A /* LoginPresenter.swift in Sources */ = {isa = PBXBuildFile; fileRef = A97785F0234F4E6B000D672A /* LoginPresenter.swift */; };
		A97785F7234F4E6B000D672A /* LoginWorker.swift in Sources */ = {isa = PBXBuildFile; fileRef = A97785F1234F4E6B000D672A /* LoginWorker.swift */; };
		A97785F8234F4E6B000D672A /* LoginRouter.swift in Sources */ = {isa = PBXBuildFile; fileRef = A97785F2234F4E6B000D672A /* LoginRouter.swift */; };
		A97785F9234F4E6B000D672A /* LoginModels.swift in Sources */ = {isa = PBXBuildFile; fileRef = A97785F3234F4E6B000D672A /* LoginModels.swift */; };
		A97785FA234F4E6B000D672A /* LoginViewController.swift in Sources */ = {isa = PBXBuildFile; fileRef = A97785F4234F4E6B000D672A /* LoginViewController.swift */; };
		A97785FB234F4E6B000D672A /* LoginInteractor.swift in Sources */ = {isa = PBXBuildFile; fileRef = A97785F5234F4E6B000D672A /* LoginInteractor.swift */; };
		A97785FD234F98C4000D672A /* GoogleService-Info.plist in Resources */ = {isa = PBXBuildFile; fileRef = A97785FC234F98C4000D672A /* GoogleService-Info.plist */; };
		A9AC19562396AE200010A96C /* MapPresenter.swift in Sources */ = {isa = PBXBuildFile; fileRef = A9AC19502396AE200010A96C /* MapPresenter.swift */; };
		A9AC19572396AE200010A96C /* MapWorker.swift in Sources */ = {isa = PBXBuildFile; fileRef = A9AC19512396AE200010A96C /* MapWorker.swift */; };
		A9AC19582396AE200010A96C /* MapRouter.swift in Sources */ = {isa = PBXBuildFile; fileRef = A9AC19522396AE200010A96C /* MapRouter.swift */; };
		A9AC19592396AE200010A96C /* MapModels.swift in Sources */ = {isa = PBXBuildFile; fileRef = A9AC19532396AE200010A96C /* MapModels.swift */; };
		A9AC195A2396AE200010A96C /* MapViewController.swift in Sources */ = {isa = PBXBuildFile; fileRef = A9AC19542396AE200010A96C /* MapViewController.swift */; };
		A9AC195B2396AE200010A96C /* MapInteractor.swift in Sources */ = {isa = PBXBuildFile; fileRef = A9AC19552396AE200010A96C /* MapInteractor.swift */; };
		A9AC195E2396C7300010A96C /* WebViewController.swift in Sources */ = {isa = PBXBuildFile; fileRef = A9AC195D2396C7300010A96C /* WebViewController.swift */; };
		A9AC19662396CD740010A96C /* CreationPresenter.swift in Sources */ = {isa = PBXBuildFile; fileRef = A9AC19602396CD740010A96C /* CreationPresenter.swift */; };
		A9AC19672396CD740010A96C /* CreationWorker.swift in Sources */ = {isa = PBXBuildFile; fileRef = A9AC19612396CD740010A96C /* CreationWorker.swift */; };
		A9AC19682396CD740010A96C /* CreationRouter.swift in Sources */ = {isa = PBXBuildFile; fileRef = A9AC19622396CD740010A96C /* CreationRouter.swift */; };
		A9AC19692396CD740010A96C /* CreationModels.swift in Sources */ = {isa = PBXBuildFile; fileRef = A9AC19632396CD740010A96C /* CreationModels.swift */; };
		A9AC196A2396CD740010A96C /* CreationViewController.swift in Sources */ = {isa = PBXBuildFile; fileRef = A9AC19642396CD740010A96C /* CreationViewController.swift */; };
		A9AC196B2396CD740010A96C /* CreationInteractor.swift in Sources */ = {isa = PBXBuildFile; fileRef = A9AC19652396CD740010A96C /* CreationInteractor.swift */; };
		A9AFC76A2397ED6300E97CB6 /* GyroscopeViewController.swift in Sources */ = {isa = PBXBuildFile; fileRef = A9AFC7692397ED6300E97CB6 /* GyroscopeViewController.swift */; };
		A9B1006B234F44140031D3D6 /* AppDelegate.swift in Sources */ = {isa = PBXBuildFile; fileRef = A9B1006A234F44140031D3D6 /* AppDelegate.swift */; };
		A9B10070234F44140031D3D6 /* Main.storyboard in Resources */ = {isa = PBXBuildFile; fileRef = A9B1006E234F44140031D3D6 /* Main.storyboard */; };
		A9B10072234F44150031D3D6 /* Assets.xcassets in Resources */ = {isa = PBXBuildFile; fileRef = A9B10071234F44150031D3D6 /* Assets.xcassets */; };
		A9B10075234F44150031D3D6 /* LaunchScreen.storyboard in Resources */ = {isa = PBXBuildFile; fileRef = A9B10073234F44150031D3D6 /* LaunchScreen.storyboard */; };
/* End PBXBuildFile section */

/* Begin PBXFileReference section */
		1E6FC934A7E10902F06D6B95 /* Pods_mobilka.framework */ = {isa = PBXFileReference; explicitFileType = wrapper.framework; includeInIndex = 0; path = Pods_mobilka.framework; sourceTree = BUILT_PRODUCTS_DIR; };
		4F628C5A2355BA5B00490CF2 /* ConfigTablePresenter.swift */ = {isa = PBXFileReference; lastKnownFileType = sourcecode.swift; path = ConfigTablePresenter.swift; sourceTree = "<group>"; };
		4F628C5C2355BA5B00490CF2 /* ConfigTableRouter.swift */ = {isa = PBXFileReference; lastKnownFileType = sourcecode.swift; path = ConfigTableRouter.swift; sourceTree = "<group>"; };
		4F628C5D2355BA5B00490CF2 /* ConfigTableModels.swift */ = {isa = PBXFileReference; lastKnownFileType = sourcecode.swift; path = ConfigTableModels.swift; sourceTree = "<group>"; };
		4F628C5E2355BA5B00490CF2 /* ConfigTableViewController.swift */ = {isa = PBXFileReference; lastKnownFileType = sourcecode.swift; path = ConfigTableViewController.swift; sourceTree = "<group>"; };
		4F628C5F2355BA5B00490CF2 /* ConfigTableInteractor.swift */ = {isa = PBXFileReference; lastKnownFileType = sourcecode.swift; path = ConfigTableInteractor.swift; sourceTree = "<group>"; };
		8E1E8E15ACF150139EF429EA /* Pods-mobilka.debug.xcconfig */ = {isa = PBXFileReference; includeInIndex = 1; lastKnownFileType = text.xcconfig; name = "Pods-mobilka.debug.xcconfig"; path = "Target Support Files/Pods-mobilka/Pods-mobilka.debug.xcconfig"; sourceTree = "<group>"; };
		A954CA9C23915310008E67E6 /* MenuViewController.swift */ = {isa = PBXFileReference; lastKnownFileType = sourcecode.swift; path = MenuViewController.swift; sourceTree = "<group>"; };
		A954CA9E2391556E008E67E6 /* SlideTransition.swift */ = {isa = PBXFileReference; lastKnownFileType = sourcecode.swift; path = SlideTransition.swift; sourceTree = "<group>"; };
		A97785F0234F4E6B000D672A /* LoginPresenter.swift */ = {isa = PBXFileReference; lastKnownFileType = sourcecode.swift; path = LoginPresenter.swift; sourceTree = "<group>"; };
		A97785F1234F4E6B000D672A /* LoginWorker.swift */ = {isa = PBXFileReference; lastKnownFileType = sourcecode.swift; path = LoginWorker.swift; sourceTree = "<group>"; };
		A97785F2234F4E6B000D672A /* LoginRouter.swift */ = {isa = PBXFileReference; lastKnownFileType = sourcecode.swift; path = LoginRouter.swift; sourceTree = "<group>"; };
		A97785F3234F4E6B000D672A /* LoginModels.swift */ = {isa = PBXFileReference; lastKnownFileType = sourcecode.swift; path = LoginModels.swift; sourceTree = "<group>"; };
		A97785F4234F4E6B000D672A /* LoginViewController.swift */ = {isa = PBXFileReference; lastKnownFileType = sourcecode.swift; path = LoginViewController.swift; sourceTree = "<group>"; };
		A97785F5234F4E6B000D672A /* LoginInteractor.swift */ = {isa = PBXFileReference; lastKnownFileType = sourcecode.swift; path = LoginInteractor.swift; sourceTree = "<group>"; };
		A97785FC234F98C4000D672A /* GoogleService-Info.plist */ = {isa = PBXFileReference; fileEncoding = 4; lastKnownFileType = text.plist.xml; path = "GoogleService-Info.plist"; sourceTree = "<group>"; };
		A9AC19502396AE200010A96C /* MapPresenter.swift */ = {isa = PBXFileReference; lastKnownFileType = sourcecode.swift; path = MapPresenter.swift; sourceTree = "<group>"; };
		A9AC19512396AE200010A96C /* MapWorker.swift */ = {isa = PBXFileReference; lastKnownFileType = sourcecode.swift; path = MapWorker.swift; sourceTree = "<group>"; };
		A9AC19522396AE200010A96C /* MapRouter.swift */ = {isa = PBXFileReference; lastKnownFileType = sourcecode.swift; path = MapRouter.swift; sourceTree = "<group>"; };
		A9AC19532396AE200010A96C /* MapModels.swift */ = {isa = PBXFileReference; lastKnownFileType = sourcecode.swift; path = MapModels.swift; sourceTree = "<group>"; };
		A9AC19542396AE200010A96C /* MapViewController.swift */ = {isa = PBXFileReference; lastKnownFileType = sourcecode.swift; path = MapViewController.swift; sourceTree = "<group>"; };
		A9AC19552396AE200010A96C /* MapInteractor.swift */ = {isa = PBXFileReference; lastKnownFileType = sourcecode.swift; path = MapInteractor.swift; sourceTree = "<group>"; };
		A9AC195D2396C7300010A96C /* WebViewController.swift */ = {isa = PBXFileReference; lastKnownFileType = sourcecode.swift; path = WebViewController.swift; sourceTree = "<group>"; };
		A9AC19602396CD740010A96C /* CreationPresenter.swift */ = {isa = PBXFileReference; lastKnownFileType = sourcecode.swift; path = CreationPresenter.swift; sourceTree = "<group>"; };
		A9AC19612396CD740010A96C /* CreationWorker.swift */ = {isa = PBXFileReference; lastKnownFileType = sourcecode.swift; path = CreationWorker.swift; sourceTree = "<group>"; };
		A9AC19622396CD740010A96C /* CreationRouter.swift */ = {isa = PBXFileReference; lastKnownFileType = sourcecode.swift; path = CreationRouter.swift; sourceTree = "<group>"; };
		A9AC19632396CD740010A96C /* CreationModels.swift */ = {isa = PBXFileReference; lastKnownFileType = sourcecode.swift; path = CreationModels.swift; sourceTree = "<group>"; };
		A9AC19642396CD740010A96C /* CreationViewController.swift */ = {isa = PBXFileReference; lastKnownFileType = sourcecode.swift; path = CreationViewController.swift; sourceTree = "<group>"; };
		A9AC19652396CD740010A96C /* CreationInteractor.swift */ = {isa = PBXFileReference; lastKnownFileType = sourcecode.swift; path = CreationInteractor.swift; sourceTree = "<group>"; };
		A9AFC7692397ED6300E97CB6 /* GyroscopeViewController.swift */ = {isa = PBXFileReference; lastKnownFileType = sourcecode.swift; path = GyroscopeViewController.swift; sourceTree = "<group>"; };
		A9B10067234F44140031D3D6 /* mobilka.app */ = {isa = PBXFileReference; explicitFileType = wrapper.application; includeInIndex = 0; path = mobilka.app; sourceTree = BUILT_PRODUCTS_DIR; };
		A9B1006A234F44140031D3D6 /* AppDelegate.swift */ = {isa = PBXFileReference; lastKnownFileType = sourcecode.swift; path = AppDelegate.swift; sourceTree = "<group>"; };
		A9B1006F234F44140031D3D6 /* Base */ = {isa = PBXFileReference; lastKnownFileType = file.storyboard; name = Base; path = Base.lproj/Main.storyboard; sourceTree = "<group>"; };
		A9B10071234F44150031D3D6 /* Assets.xcassets */ = {isa = PBXFileReference; lastKnownFileType = folder.assetcatalog; path = Assets.xcassets; sourceTree = "<group>"; };
		A9B10074234F44150031D3D6 /* Base */ = {isa = PBXFileReference; lastKnownFileType = file.storyboard; name = Base; path = Base.lproj/LaunchScreen.storyboard; sourceTree = "<group>"; };
		A9B10076234F44150031D3D6 /* Info.plist */ = {isa = PBXFileReference; lastKnownFileType = text.plist.xml; path = Info.plist; sourceTree = "<group>"; };
		D1CB77C84FE19C8DB5A7296F /* Pods-mobilka.release.xcconfig */ = {isa = PBXFileReference; includeInIndex = 1; lastKnownFileType = text.xcconfig; name = "Pods-mobilka.release.xcconfig"; path = "Target Support Files/Pods-mobilka/Pods-mobilka.release.xcconfig"; sourceTree = "<group>"; };
/* End PBXFileReference section */

/* Begin PBXFrameworksBuildPhase section */
		A9B10064234F44140031D3D6 /* Frameworks */ = {
			isa = PBXFrameworksBuildPhase;
			buildActionMask = 2147483647;
			files = (
				8A1A587CEC931BAD03EE3E39 /* Pods_mobilka.framework in Frameworks */,
			);
			runOnlyForDeploymentPostprocessing = 0;
		};
/* End PBXFrameworksBuildPhase section */

/* Begin PBXGroup section */
		4F628C582355BA3700490CF2 /* ConfigTable */ = {
			isa = PBXGroup;
			children = (
				4F628C5E2355BA5B00490CF2 /* ConfigTableViewController.swift */,
				4F628C5F2355BA5B00490CF2 /* ConfigTableInteractor.swift */,
				4F628C5A2355BA5B00490CF2 /* ConfigTablePresenter.swift */,
				4F628C5C2355BA5B00490CF2 /* ConfigTableRouter.swift */,
				4F628C5D2355BA5B00490CF2 /* ConfigTableModels.swift */,
			);
			path = ConfigTable;
			sourceTree = "<group>";
		};
		85FB09E7764857DA7A202607 /* Frameworks */ = {
			isa = PBXGroup;
			children = (
				1E6FC934A7E10902F06D6B95 /* Pods_mobilka.framework */,
			);
			name = Frameworks;
			sourceTree = "<group>";
		};
		A97785EC234F4DE7000D672A /* Modules */ = {
			isa = PBXGroup;
			children = (
				A9AC195F2396CCF10010A96C /* Add contact */,
				A9AC195C2396AE2C0010A96C /* Map */,
				4F628C582355BA3700490CF2 /* ConfigTable */,
				A97785ED234F4DF0000D672A /* LoginViewController */,
				A9AC195D2396C7300010A96C /* WebViewController.swift */,
				A9AFC7692397ED6300E97CB6 /* GyroscopeViewController.swift */,
			);
			path = Modules;
			sourceTree = "<group>";
		};
		A97785ED234F4DF0000D672A /* LoginViewController */ = {
			isa = PBXGroup;
			children = (
				A97785F4234F4E6B000D672A /* LoginViewController.swift */,
				A97785F0234F4E6B000D672A /* LoginPresenter.swift */,
				A97785F5234F4E6B000D672A /* LoginInteractor.swift */,
				A97785F1234F4E6B000D672A /* LoginWorker.swift */,
				A97785F3234F4E6B000D672A /* LoginModels.swift */,
				A97785F2234F4E6B000D672A /* LoginRouter.swift */,
			);
			path = LoginViewController;
			sourceTree = "<group>";
		};
		A97785EE234F4E03000D672A /* Common */ = {
			isa = PBXGroup;
			children = (
				A9B1006A234F44140031D3D6 /* AppDelegate.swift */,
				A954CA9C23915310008E67E6 /* MenuViewController.swift */,
				A954CA9E2391556E008E67E6 /* SlideTransition.swift */,
			);
			path = Common;
			sourceTree = "<group>";
		};
		A97785EF234F4E3A000D672A /* StoryBoards */ = {
			isa = PBXGroup;
			children = (
				A9B10073234F44150031D3D6 /* LaunchScreen.storyboard */,
				A9B1006E234F44140031D3D6 /* Main.storyboard */,
			);
			path = StoryBoards;
			sourceTree = "<group>";
		};
		A9AC195C2396AE2C0010A96C /* Map */ = {
			isa = PBXGroup;
			children = (
				A9AC19542396AE200010A96C /* MapViewController.swift */,
				A9AC19552396AE200010A96C /* MapInteractor.swift */,
				A9AC19502396AE200010A96C /* MapPresenter.swift */,
				A9AC19522396AE200010A96C /* MapRouter.swift */,
				A9AC19532396AE200010A96C /* MapModels.swift */,
				A9AC19512396AE200010A96C /* MapWorker.swift */,
			);
			path = Map;
			sourceTree = "<group>";
		};
		A9AC195F2396CCF10010A96C /* Add contact */ = {
			isa = PBXGroup;
			children = (
				A9AC19642396CD740010A96C /* CreationViewController.swift */,
				A9AC19652396CD740010A96C /* CreationInteractor.swift */,
				A9AC19602396CD740010A96C /* CreationPresenter.swift */,
				A9AC19612396CD740010A96C /* CreationWorker.swift */,
				A9AC19622396CD740010A96C /* CreationRouter.swift */,
				A9AC19632396CD740010A96C /* CreationModels.swift */,
			);
			path = "Add contact";
			sourceTree = "<group>";
		};
		A9B1005E234F44140031D3D6 = {
			isa = PBXGroup;
			children = (
				A9B10069234F44140031D3D6 /* mobilka */,
				A9B10068234F44140031D3D6 /* Products */,
				CD4BE5A109BB509849DD6F17 /* Pods */,
				85FB09E7764857DA7A202607 /* Frameworks */,
			);
			sourceTree = "<group>";
		};
		A9B10068234F44140031D3D6 /* Products */ = {
			isa = PBXGroup;
			children = (
				A9B10067234F44140031D3D6 /* mobilka.app */,
			);
			name = Products;
			sourceTree = "<group>";
		};
		A9B10069234F44140031D3D6 /* mobilka */ = {
			isa = PBXGroup;
			children = (
				A9B10071234F44150031D3D6 /* Assets.xcassets */,
				A97785FC234F98C4000D672A /* GoogleService-Info.plist */,
				A9B10076234F44150031D3D6 /* Info.plist */,
				A97785EF234F4E3A000D672A /* StoryBoards */,
				A97785EC234F4DE7000D672A /* Modules */,
				A97785EE234F4E03000D672A /* Common */,
			);
			path = mobilka;
			sourceTree = "<group>";
		};
		CD4BE5A109BB509849DD6F17 /* Pods */ = {
			isa = PBXGroup;
			children = (
				8E1E8E15ACF150139EF429EA /* Pods-mobilka.debug.xcconfig */,
				D1CB77C84FE19C8DB5A7296F /* Pods-mobilka.release.xcconfig */,
			);
			path = Pods;
			sourceTree = "<group>";
		};
/* End PBXGroup section */

/* Begin PBXNativeTarget section */
		A9B10066234F44140031D3D6 /* mobilka */ = {
			isa = PBXNativeTarget;
			buildConfigurationList = A9B10079234F44150031D3D6 /* Build configuration list for PBXNativeTarget "mobilka" */;
			buildPhases = (
				E6A3B15A41424D239DA718DD /* [CP] Check Pods Manifest.lock */,
				A9B10063234F44140031D3D6 /* Sources */,
				A9B10064234F44140031D3D6 /* Frameworks */,
				A9B10065234F44140031D3D6 /* Resources */,
				6769F48DF9FB1228321EDB20 /* [CP] Embed Pods Frameworks */,
			);
			buildRules = (
			);
			dependencies = (
			);
			name = mobilka;
			productName = mobilka;
			productReference = A9B10067234F44140031D3D6 /* mobilka.app */;
			productType = "com.apple.product-type.application";
		};
/* End PBXNativeTarget section */

/* Begin PBXProject section */
		A9B1005F234F44140031D3D6 /* Project object */ = {
			isa = PBXProject;
			attributes = {
				LastSwiftUpdateCheck = 1030;
				LastUpgradeCheck = 1030;
				ORGANIZATIONNAME = "Андрей Лихачев";
				TargetAttributes = {
					A9B10066234F44140031D3D6 = {
						CreatedOnToolsVersion = 10.3;
					};
				};
			};
			buildConfigurationList = A9B10062234F44140031D3D6 /* Build configuration list for PBXProject "mobilka" */;
			compatibilityVersion = "Xcode 9.3";
			developmentRegion = en;
			hasScannedForEncodings = 0;
			knownRegions = (
				en,
				Base,
			);
			mainGroup = A9B1005E234F44140031D3D6;
			productRefGroup = A9B10068234F44140031D3D6 /* Products */;
			projectDirPath = "";
			projectRoot = "";
			targets = (
				A9B10066234F44140031D3D6 /* mobilka */,
			);
		};
/* End PBXProject section */

/* Begin PBXResourcesBuildPhase section */
		A9B10065234F44140031D3D6 /* Resources */ = {
			isa = PBXResourcesBuildPhase;
			buildActionMask = 2147483647;
			files = (
				A9B10075234F44150031D3D6 /* LaunchScreen.storyboard in Resources */,
				A97785FD234F98C4000D672A /* GoogleService-Info.plist in Resources */,
				A9B10072234F44150031D3D6 /* Assets.xcassets in Resources */,
				A9B10070234F44140031D3D6 /* Main.storyboard in Resources */,
			);
			runOnlyForDeploymentPostprocessing = 0;
		};
/* End PBXResourcesBuildPhase section */

/* Begin PBXShellScriptBuildPhase section */
		6769F48DF9FB1228321EDB20 /* [CP] Embed Pods Frameworks */ = {
			isa = PBXShellScriptBuildPhase;
			buildActionMask = 2147483647;
			files = (
			);
			inputFileListPaths = (
				"${PODS_ROOT}/Target Support Files/Pods-mobilka/Pods-mobilka-frameworks-${CONFIGURATION}-input-files.xcfilelist",
			);
			name = "[CP] Embed Pods Frameworks";
			outputFileListPaths = (
				"${PODS_ROOT}/Target Support Files/Pods-mobilka/Pods-mobilka-frameworks-${CONFIGURATION}-output-files.xcfilelist",
			);
			runOnlyForDeploymentPostprocessing = 0;
			shellPath = /bin/sh;
			shellScript = "\"${PODS_ROOT}/Target Support Files/Pods-mobilka/Pods-mobilka-frameworks.sh\"\n";
			showEnvVarsInLog = 0;
		};
		E6A3B15A41424D239DA718DD /* [CP] Check Pods Manifest.lock */ = {
			isa = PBXShellScriptBuildPhase;
			buildActionMask = 2147483647;
			files = (
			);
			inputFileListPaths = (
			);
			inputPaths = (
				"${PODS_PODFILE_DIR_PATH}/Podfile.lock",
				"${PODS_ROOT}/Manifest.lock",
			);
			name = "[CP] Check Pods Manifest.lock";
			outputFileListPaths = (
			);
			outputPaths = (
				"$(DERIVED_FILE_DIR)/Pods-mobilka-checkManifestLockResult.txt",
			);
			runOnlyForDeploymentPostprocessing = 0;
			shellPath = /bin/sh;
			shellScript = "diff \"${PODS_PODFILE_DIR_PATH}/Podfile.lock\" \"${PODS_ROOT}/Manifest.lock\" > /dev/null\nif [ $? != 0 ] ; then\n    # print error to STDERR\n    echo \"error: The sandbox is not in sync with the Podfile.lock. Run 'pod install' or update your CocoaPods installation.\" >&2\n    exit 1\nfi\n# This output is used by Xcode 'outputs' to avoid re-running this script phase.\necho \"SUCCESS\" > \"${SCRIPT_OUTPUT_FILE_0}\"\n";
			showEnvVarsInLog = 0;
		};
/* End PBXShellScriptBuildPhase section */

/* Begin PBXSourcesBuildPhase section */
		A9B10063234F44140031D3D6 /* Sources */ = {
			isa = PBXSourcesBuildPhase;
			buildActionMask = 2147483647;
			files = (
				A9AC19672396CD740010A96C /* CreationWorker.swift in Sources */,
				A954CA9F2391556E008E67E6 /* SlideTransition.swift in Sources */,
				A9AC19692396CD740010A96C /* CreationModels.swift in Sources */,
				4F628C632355BA5B00490CF2 /* ConfigTableModels.swift in Sources */,
				A9AC19572396AE200010A96C /* MapWorker.swift in Sources */,
				A9AC195B2396AE200010A96C /* MapInteractor.swift in Sources */,
				A9AC195E2396C7300010A96C /* WebViewController.swift in Sources */,
				A9AC19562396AE200010A96C /* MapPresenter.swift in Sources */,
				A9AC19582396AE200010A96C /* MapRouter.swift in Sources */,
				4F628C622355BA5B00490CF2 /* ConfigTableRouter.swift in Sources */,
				4F628C602355BA5B00490CF2 /* ConfigTablePresenter.swift in Sources */,
				A9AC195A2396AE200010A96C /* MapViewController.swift in Sources */,
				A97785FA234F4E6B000D672A /* LoginViewController.swift in Sources */,
				A97785F6234F4E6B000D672A /* LoginPresenter.swift in Sources */,
				A97785FB234F4E6B000D672A /* LoginInteractor.swift in Sources */,
				A97785F9234F4E6B000D672A /* LoginModels.swift in Sources */,
				A954CA9D23915310008E67E6 /* MenuViewController.swift in Sources */,
				A9AC196B2396CD740010A96C /* CreationInteractor.swift in Sources */,
				A9AC196A2396CD740010A96C /* CreationViewController.swift in Sources */,
				A9B1006B234F44140031D3D6 /* AppDelegate.swift in Sources */,
				A97785F8234F4E6B000D672A /* LoginRouter.swift in Sources */,
				A9AC19592396AE200010A96C /* MapModels.swift in Sources */,
				A9AFC76A2397ED6300E97CB6 /* GyroscopeViewController.swift in Sources */,
				4F628C642355BA5B00490CF2 /* ConfigTableViewController.swift in Sources */,
				4F628C652355BA5B00490CF2 /* ConfigTableInteractor.swift in Sources */,
				A9AC19682396CD740010A96C /* CreationRouter.swift in Sources */,
				A97785F7234F4E6B000D672A /* LoginWorker.swift in Sources */,
				A9AC19662396CD740010A96C /* CreationPresenter.swift in Sources */,
			);
			runOnlyForDeploymentPostprocessing = 0;
		};
/* End PBXSourcesBuildPhase section */

/* Begin PBXVariantGroup section */
		A9B1006E234F44140031D3D6 /* Main.storyboard */ = {
			isa = PBXVariantGroup;
			children = (
				A9B1006F234F44140031D3D6 /* Base */,
			);
			name = Main.storyboard;
			sourceTree = "<group>";
		};
		A9B10073234F44150031D3D6 /* LaunchScreen.storyboard */ = {
			isa = PBXVariantGroup;
			children = (
				A9B10074234F44150031D3D6 /* Base */,
			);
			name = LaunchScreen.storyboard;
			sourceTree = "<group>";
		};
/* End PBXVariantGroup section */

/* Begin XCBuildConfiguration section */
		A9B10077234F44150031D3D6 /* Debug */ = {
			isa = XCBuildConfiguration;
			buildSettings = {
				ALWAYS_SEARCH_USER_PATHS = NO;
				CLANG_ANALYZER_NONNULL = YES;
				CLANG_ANALYZER_NUMBER_OBJECT_CONVERSION = YES_AGGRESSIVE;
				CLANG_CXX_LANGUAGE_STANDARD = "gnu++14";
				CLANG_CXX_LIBRARY = "libc++";
				CLANG_ENABLE_MODULES = YES;
				CLANG_ENABLE_OBJC_ARC = YES;
				CLANG_ENABLE_OBJC_WEAK = YES;
				CLANG_WARN_BLOCK_CAPTURE_AUTORELEASING = YES;
				CLANG_WARN_BOOL_CONVERSION = YES;
				CLANG_WARN_COMMA = YES;
				CLANG_WARN_CONSTANT_CONVERSION = YES;
				CLANG_WARN_DEPRECATED_OBJC_IMPLEMENTATIONS = YES;
				CLANG_WARN_DIRECT_OBJC_ISA_USAGE = YES_ERROR;
				CLANG_WARN_DOCUMENTATION_COMMENTS = YES;
				CLANG_WARN_EMPTY_BODY = YES;
				CLANG_WARN_ENUM_CONVERSION = YES;
				CLANG_WARN_INFINITE_RECURSION = YES;
				CLANG_WARN_INT_CONVERSION = YES;
				CLANG_WARN_NON_LITERAL_NULL_CONVERSION = YES;
				CLANG_WARN_OBJC_IMPLICIT_RETAIN_SELF = YES;
				CLANG_WARN_OBJC_LITERAL_CONVERSION = YES;
				CLANG_WARN_OBJC_ROOT_CLASS = YES_ERROR;
				CLANG_WARN_RANGE_LOOP_ANALYSIS = YES;
				CLANG_WARN_STRICT_PROTOTYPES = YES;
				CLANG_WARN_SUSPICIOUS_MOVE = YES;
				CLANG_WARN_UNGUARDED_AVAILABILITY = YES_AGGRESSIVE;
				CLANG_WARN_UNREACHABLE_CODE = YES;
				CLANG_WARN__DUPLICATE_METHOD_MATCH = YES;
				CODE_SIGN_IDENTITY = "iPhone Developer";
				COPY_PHASE_STRIP = NO;
				DEBUG_INFORMATION_FORMAT = dwarf;
				ENABLE_STRICT_OBJC_MSGSEND = YES;
				ENABLE_TESTABILITY = YES;
				GCC_C_LANGUAGE_STANDARD = gnu11;
				GCC_DYNAMIC_NO_PIC = NO;
				GCC_NO_COMMON_BLOCKS = YES;
				GCC_OPTIMIZATION_LEVEL = 0;
				GCC_PREPROCESSOR_DEFINITIONS = (
					"DEBUG=1",
					"$(inherited)",
				);
				GCC_WARN_64_TO_32_BIT_CONVERSION = YES;
				GCC_WARN_ABOUT_RETURN_TYPE = YES_ERROR;
				GCC_WARN_UNDECLARED_SELECTOR = YES;
				GCC_WARN_UNINITIALIZED_AUTOS = YES_AGGRESSIVE;
				GCC_WARN_UNUSED_FUNCTION = YES;
				GCC_WARN_UNUSED_VARIABLE = YES;
				IPHONEOS_DEPLOYMENT_TARGET = 13.2;
				MTL_ENABLE_DEBUG_INFO = INCLUDE_SOURCE;
				MTL_FAST_MATH = YES;
				ONLY_ACTIVE_ARCH = YES;
				SDKROOT = iphoneos;
				SWIFT_ACTIVE_COMPILATION_CONDITIONS = DEBUG;
				SWIFT_OPTIMIZATION_LEVEL = "-Onone";
			};
			name = Debug;
		};
		A9B10078234F44150031D3D6 /* Release */ = {
			isa = XCBuildConfiguration;
			buildSettings = {
				ALWAYS_SEARCH_USER_PATHS = NO;
				CLANG_ANALYZER_NONNULL = YES;
				CLANG_ANALYZER_NUMBER_OBJECT_CONVERSION = YES_AGGRESSIVE;
				CLANG_CXX_LANGUAGE_STANDARD = "gnu++14";
				CLANG_CXX_LIBRARY = "libc++";
				CLANG_ENABLE_MODULES = YES;
				CLANG_ENABLE_OBJC_ARC = YES;
				CLANG_ENABLE_OBJC_WEAK = YES;
				CLANG_WARN_BLOCK_CAPTURE_AUTORELEASING = YES;
				CLANG_WARN_BOOL_CONVERSION = YES;
				CLANG_WARN_COMMA = YES;
				CLANG_WARN_CONSTANT_CONVERSION = YES;
				CLANG_WARN_DEPRECATED_OBJC_IMPLEMENTATIONS = YES;
				CLANG_WARN_DIRECT_OBJC_ISA_USAGE = YES_ERROR;
				CLANG_WARN_DOCUMENTATION_COMMENTS = YES;
				CLANG_WARN_EMPTY_BODY = YES;
				CLANG_WARN_ENUM_CONVERSION = YES;
				CLANG_WARN_INFINITE_RECURSION = YES;
				CLANG_WARN_INT_CONVERSION = YES;
				CLANG_WARN_NON_LITERAL_NULL_CONVERSION = YES;
				CLANG_WARN_OBJC_IMPLICIT_RETAIN_SELF = YES;
				CLANG_WARN_OBJC_LITERAL_CONVERSION = YES;
				CLANG_WARN_OBJC_ROOT_CLASS = YES_ERROR;
				CLANG_WARN_RANGE_LOOP_ANALYSIS = YES;
				CLANG_WARN_STRICT_PROTOTYPES = YES;
				CLANG_WARN_SUSPICIOUS_MOVE = YES;
				CLANG_WARN_UNGUARDED_AVAILABILITY = YES_AGGRESSIVE;
				CLANG_WARN_UNREACHABLE_CODE = YES;
				CLANG_WARN__DUPLICATE_METHOD_MATCH = YES;
				CODE_SIGN_IDENTITY = "iPhone Developer";
				COPY_PHASE_STRIP = NO;
				DEBUG_INFORMATION_FORMAT = "dwarf-with-dsym";
				ENABLE_NS_ASSERTIONS = NO;
				ENABLE_STRICT_OBJC_MSGSEND = YES;
				GCC_C_LANGUAGE_STANDARD = gnu11;
				GCC_NO_COMMON_BLOCKS = YES;
				GCC_WARN_64_TO_32_BIT_CONVERSION = YES;
				GCC_WARN_ABOUT_RETURN_TYPE = YES_ERROR;
				GCC_WARN_UNDECLARED_SELECTOR = YES;
				GCC_WARN_UNINITIALIZED_AUTOS = YES_AGGRESSIVE;
				GCC_WARN_UNUSED_FUNCTION = YES;
				GCC_WARN_UNUSED_VARIABLE = YES;
				IPHONEOS_DEPLOYMENT_TARGET = 13.2;
				MTL_ENABLE_DEBUG_INFO = NO;
				MTL_FAST_MATH = YES;
				SDKROOT = iphoneos;
				SWIFT_COMPILATION_MODE = wholemodule;
				SWIFT_OPTIMIZATION_LEVEL = "-O";
				VALIDATE_PRODUCT = YES;
			};
			name = Release;
		};
		A9B1007A234F44150031D3D6 /* Debug */ = {
			isa = XCBuildConfiguration;
			baseConfigurationReference = 8E1E8E15ACF150139EF429EA /* Pods-mobilka.debug.xcconfig */;
			buildSettings = {
				ASSETCATALOG_COMPILER_APPICON_NAME = AppIcon;
				CODE_SIGN_STYLE = Automatic;
				DEVELOPMENT_TEAM = S4X7JDRNB6;
				INFOPLIST_FILE = mobilka/Info.plist;
				LD_RUNPATH_SEARCH_PATHS = (
					"$(inherited)",
					"@executable_path/Frameworks",
				);
				PRODUCT_BUNDLE_IDENTIFIER = allikhachev.mobilka;
				PRODUCT_NAME = "$(TARGET_NAME)";
				SWIFT_VERSION = 5.0;
				TARGETED_DEVICE_FAMILY = "1,2";
			};
			name = Debug;
		};
		A9B1007B234F44150031D3D6 /* Release */ = {
			isa = XCBuildConfiguration;
			baseConfigurationReference = D1CB77C84FE19C8DB5A7296F /* Pods-mobilka.release.xcconfig */;
			buildSettings = {
				ASSETCATALOG_COMPILER_APPICON_NAME = AppIcon;
				CODE_SIGN_STYLE = Automatic;
				DEVELOPMENT_TEAM = S4X7JDRNB6;
				INFOPLIST_FILE = mobilka/Info.plist;
				LD_RUNPATH_SEARCH_PATHS = (
					"$(inherited)",
					"@executable_path/Frameworks",
				);
				PRODUCT_BUNDLE_IDENTIFIER = allikhachev.mobilka;
				PRODUCT_NAME = "$(TARGET_NAME)";
				SWIFT_VERSION = 5.0;
				TARGETED_DEVICE_FAMILY = "1,2";
			};
			name = Release;
		};
/* End XCBuildConfiguration section */

/* Begin XCConfigurationList section */
		A9B10062234F44140031D3D6 /* Build configuration list for PBXProject "mobilka" */ = {
			isa = XCConfigurationList;
			buildConfigurations = (
				A9B10077234F44150031D3D6 /* Debug */,
				A9B10078234F44150031D3D6 /* Release */,
			);
			defaultConfigurationIsVisible = 0;
			defaultConfigurationName = Release;
		};
		A9B10079234F44150031D3D6 /* Build configuration list for PBXNativeTarget "mobilka" */ = {
			isa = XCConfigurationList;
			buildConfigurations = (
				A9B1007A234F44150031D3D6 /* Debug */,
				A9B1007B234F44150031D3D6 /* Release */,
			);
			defaultConfigurationIsVisible = 0;
			defaultConfigurationName = Release;
		};
/* End XCConfigurationList section */
	};
	rootObject = A9B1005F234F44140031D3D6 /* Project object */;
}
